// !$*UTF8*$!
{
	archiveVersion = 1;
	classes = {
	};
	objectVersion = 77;
	objects = {

/* Begin PBXBuildFile section */
		0449B9932EC22D96007FD8C4 /* PressStart2P-Regular 2.ttf in Resources */ = {isa = PBXBuildFile; fileRef = 0449B9922EC22D96007FD8C4 /* PressStart2P-Regular 2.ttf */; };
		0449B9942EC22D96007FD8C4 /* PressStart2P-Regular 2.ttf in Resources */ = {isa = PBXBuildFile; fileRef = 0449B9922EC22D96007FD8C4 /* PressStart2P-Regular 2.ttf */; };
		0449B9952EC22D96007FD8C4 /* PressStart2P-Regular 2.ttf in Resources */ = {isa = PBXBuildFile; fileRef = 0449B9922EC22D96007FD8C4 /* PressStart2P-Regular 2.ttf */; };
/* End PBXBuildFile section */

/* Begin PBXContainerItemProxy section */
		0483794A2EC21AF3009A8D89 /* PBXContainerItemProxy */ = {
			isa = PBXContainerItemProxy;
			containerPortal = 0483792F2EC21AF2009A8D89 /* Project object */;
			proxyType = 1;
			remoteGlobalIDString = 048379362EC21AF2009A8D89;
			remoteInfo = StoryMates;
		};
		048379542EC21AF3009A8D89 /* PBXContainerItemProxy */ = {
			isa = PBXContainerItemProxy;
			containerPortal = 0483792F2EC21AF2009A8D89 /* Project object */;
			proxyType = 1;
			remoteGlobalIDString = 048379362EC21AF2009A8D89;
			remoteInfo = StoryMates;
		};
/* End PBXContainerItemProxy section */

/* Begin PBXFileReference section */
		0449B9922EC22D96007FD8C4 /* PressStart2P-Regular 2.ttf */ = {isa = PBXFileReference; lastKnownFileType = file; path = "PressStart2P-Regular 2.ttf"; sourceTree = "<group>"; };
		048379372EC21AF2009A8D89 /* StoryMates.app */ = {isa = PBXFileReference; explicitFileType = wrapper.application; includeInIndex = 0; path = StoryMates.app; sourceTree = BUILT_PRODUCTS_DIR; };
		048379492EC21AF3009A8D89 /* StoryMatesTests.xctest */ = {isa = PBXFileReference; explicitFileType = wrapper.cfbundle; includeInIndex = 0; path = StoryMatesTests.xctest; sourceTree = BUILT_PRODUCTS_DIR; };
		048379532EC21AF3009A8D89 /* StoryMatesUITests.xctest */ = {isa = PBXFileReference; explicitFileType = wrapper.cfbundle; includeInIndex = 0; path = StoryMatesUITests.xctest; sourceTree = BUILT_PRODUCTS_DIR; };
/* End PBXFileReference section */

/* Begin PBXFileSystemSynchronizedBuildFileExceptionSet section */
		0449B9912EC22CB6007FD8C4 /* Exceptions for "StoryMates" folder in "StoryMates" target */ = {
			isa = PBXFileSystemSynchronizedBuildFileExceptionSet;
			membershipExceptions = (
				Info.plist,
			);
			target = 048379362EC21AF2009A8D89 /* StoryMates */;
		};
/* End PBXFileSystemSynchronizedBuildFileExceptionSet section */

/* Begin PBXFileSystemSynchronizedRootGroup section */
		048379392EC21AF2009A8D89 /* StoryMates */ = {
			isa = PBXFileSystemSynchronizedRootGroup;
			exceptions = (
				0449B9912EC22CB6007FD8C4 /* Exceptions for "StoryMates" folder in "StoryMates" target */,
			);
			path = StoryMates;
			sourceTree = "<group>";
		};
		0483794C2EC21AF3009A8D89 /* StoryMatesTests */ = {
			isa = PBXFileSystemSynchronizedRootGroup;
			path = StoryMatesTests;
			sourceTree = "<group>";
		};
		048379562EC21AF3009A8D89 /* StoryMatesUITests */ = {
			isa = PBXFileSystemSynchronizedRootGroup;
			path = StoryMatesUITests;
			sourceTree = "<group>";
		};
/* End PBXFileSystemSynchronizedRootGroup section */

/* Begin PBXFrameworksBuildPhase section */
		048379342EC21AF2009A8D89 /* Frameworks */ = {
			isa = PBXFrameworksBuildPhase;
			buildActionMask = 2147483647;
			files = (
			);
			runOnlyForDeploymentPostprocessing = 0;
		};
		048379462EC21AF3009A8D89 /* Frameworks */ = {
			isa = PBXFrameworksBuildPhase;
			buildActionMask = 2147483647;
			files = (
			);
			runOnlyForDeploymentPostprocessing = 0;
		};
		048379502EC21AF3009A8D89 /* Frameworks */ = {
			isa = PBXFrameworksBuildPhase;
			buildActionMask = 2147483647;
			files = (
			);
			runOnlyForDeploymentPostprocessing = 0;
		};
/* End PBXFrameworksBuildPhase section */

/* Begin PBXGroup section */
		0483792E2EC21AF2009A8D89 = {
			isa = PBXGroup;
			children = (
				048379392EC21AF2009A8D89 /* StoryMates */,
				0483794C2EC21AF3009A8D89 /* StoryMatesTests */,
				048379562EC21AF3009A8D89 /* StoryMatesUITests */,
				048379382EC21AF2009A8D89 /* Products */,
				0449B9922EC22D96007FD8C4 /* PressStart2P-Regular 2.ttf */,
			);
			sourceTree = "<group>";
		};
		048379382EC21AF2009A8D89 /* Products */ = {
			isa = PBXGroup;
			children = (
				048379372EC21AF2009A8D89 /* StoryMates.app */,
				048379492EC21AF3009A8D89 /* StoryMatesTests.xctest */,
				048379532EC21AF3009A8D89 /* StoryMatesUITests.xctest */,
			);
			name = Products;
			sourceTree = "<group>";
		};
/* End PBXGroup section */

/* Begin PBXNativeTarget section */
		048379362EC21AF2009A8D89 /* StoryMates */ = {
			isa = PBXNativeTarget;
			buildConfigurationList = 0483795D2EC21AF3009A8D89 /* Build configuration list for PBXNativeTarget "StoryMates" */;
			buildPhases = (
				048379332EC21AF2009A8D89 /* Sources */,
				048379342EC21AF2009A8D89 /* Frameworks */,
				048379352EC21AF2009A8D89 /* Resources */,
			);
			buildRules = (
			);
			dependencies = (
			);
			fileSystemSynchronizedGroups = (
				048379392EC21AF2009A8D89 /* StoryMates */,
			);
			name = StoryMates;
			packageProductDependencies = (
			);
			productName = StoryMates;
			productReference = 048379372EC21AF2009A8D89 /* StoryMates.app */;
			productType = "com.apple.product-type.application";
		};
		048379482EC21AF3009A8D89 /* StoryMatesTests */ = {
			isa = PBXNativeTarget;
			buildConfigurationList = 048379602EC21AF3009A8D89 /* Build configuration list for PBXNativeTarget "StoryMatesTests" */;
			buildPhases = (
				048379452EC21AF3009A8D89 /* Sources */,
				048379462EC21AF3009A8D89 /* Frameworks */,
				048379472EC21AF3009A8D89 /* Resources */,
			);
			buildRules = (
			);
			dependencies = (
				0483794B2EC21AF3009A8D89 /* PBXTargetDependency */,
			);
			fileSystemSynchronizedGroups = (
				0483794C2EC21AF3009A8D89 /* StoryMatesTests */,
			);
			name = StoryMatesTests;
			packageProductDependencies = (
			);
			productName = StoryMatesTests;
			productReference = 048379492EC21AF3009A8D89 /* StoryMatesTests.xctest */;
			productType = "com.apple.product-type.bundle.unit-test";
		};
		048379522EC21AF3009A8D89 /* StoryMatesUITests */ = {
			isa = PBXNativeTarget;
			buildConfigurationList = 048379632EC21AF3009A8D89 /* Build configuration list for PBXNativeTarget "StoryMatesUITests" */;
			buildPhases = (
				0483794F2EC21AF3009A8D89 /* Sources */,
				048379502EC21AF3009A8D89 /* Frameworks */,
				048379512EC21AF3009A8D89 /* Resources */,
			);
			buildRules = (
			);
			dependencies = (
				048379552EC21AF3009A8D89 /* PBXTargetDependency */,
			);
			fileSystemSynchronizedGroups = (
				048379562EC21AF3009A8D89 /* StoryMatesUITests */,
			);
			name = StoryMatesUITests;
			packageProductDependencies = (
			);
			productName = StoryMatesUITests;
			productReference = 048379532EC21AF3009A8D89 /* StoryMatesUITests.xctest */;
			productType = "com.apple.product-type.bundle.ui-testing";
		};
/* End PBXNativeTarget section */

/* Begin PBXProject section */
		0483792F2EC21AF2009A8D89 /* Project object */ = {
			isa = PBXProject;
			attributes = {
				BuildIndependentTargetsInParallel = 1;
				LastSwiftUpdateCheck = 2610;
				LastUpgradeCheck = 2610;
				TargetAttributes = {
					048379362EC21AF2009A8D89 = {
						CreatedOnToolsVersion = 26.1;
					};
					048379482EC21AF3009A8D89 = {
						CreatedOnToolsVersion = 26.1;
						TestTargetID = 048379362EC21AF2009A8D89;
					};
					048379522EC21AF3009A8D89 = {
						CreatedOnToolsVersion = 26.1;
						TestTargetID = 048379362EC21AF2009A8D89;
					};
				};
			};
			buildConfigurationList = 048379322EC21AF2009A8D89 /* Build configuration list for PBXProject "StoryMates" */;
			developmentRegion = en;
			hasScannedForEncodings = 0;
			knownRegions = (
				en,
				Base,
			);
			mainGroup = 0483792E2EC21AF2009A8D89;
			minimizedProjectReferenceProxies = 1;
			preferredProjectObjectVersion = 77;
			productRefGroup = 048379382EC21AF2009A8D89 /* Products */;
			projectDirPath = "";
			projectRoot = "";
			targets = (
				048379362EC21AF2009A8D89 /* StoryMates */,
				048379482EC21AF3009A8D89 /* StoryMatesTests */,
				048379522EC21AF3009A8D89 /* StoryMatesUITests */,
			);
		};
/* End PBXProject section */

/* Begin PBXResourcesBuildPhase section */
		048379352EC21AF2009A8D89 /* Resources */ = {
			isa = PBXResourcesBuildPhase;
			buildActionMask = 2147483647;
			files = (
				0449B9942EC22D96007FD8C4 /* PressStart2P-Regular 2.ttf in Resources */,
			);
			runOnlyForDeploymentPostprocessing = 0;
		};
		048379472EC21AF3009A8D89 /* Resources */ = {
			isa = PBXResourcesBuildPhase;
			buildActionMask = 2147483647;
			files = (
				0449B9932EC22D96007FD8C4 /* PressStart2P-Regular 2.ttf in Resources */,
			);
			runOnlyForDeploymentPostprocessing = 0;
		};
		048379512EC21AF3009A8D89 /* Resources */ = {
			isa = PBXResourcesBuildPhase;
			buildActionMask = 2147483647;
			files = (
				0449B9952EC22D96007FD8C4 /* PressStart2P-Regular 2.ttf in Resources */,
			);
			runOnlyForDeploymentPostprocessing = 0;
		};
/* End PBXResourcesBuildPhase section */

/* Begin PBXSourcesBuildPhase section */
		048379332EC21AF2009A8D89 /* Sources */ = {
			isa = PBXSourcesBuildPhase;
			buildActionMask = 2147483647;
			files = (
			);
			runOnlyForDeploymentPostprocessing = 0;
		};
		048379452EC21AF3009A8D89 /* Sources */ = {
			isa = PBXSourcesBuildPhase;
			buildActionMask = 2147483647;
			files = (
			);
			runOnlyForDeploymentPostprocessing = 0;
		};
		0483794F2EC21AF3009A8D89 /* Sources */ = {
			isa = PBXSourcesBuildPhase;
			buildActionMask = 2147483647;
			files = (
			);
			runOnlyForDeploymentPostprocessing = 0;
		};
/* End PBXSourcesBuildPhase section */

/* Begin PBXTargetDependency section */
		0483794B2EC21AF3009A8D89 /* PBXTargetDependency */ = {
			isa = PBXTargetDependency;
			target = 048379362EC21AF2009A8D89 /* StoryMates */;
			targetProxy = 0483794A2EC21AF3009A8D89 /* PBXContainerItemProxy */;
		};
		048379552EC21AF3009A8D89 /* PBXTargetDependency */ = {
			isa = PBXTargetDependency;
			target = 048379362EC21AF2009A8D89 /* StoryMates */;
			targetProxy = 048379542EC21AF3009A8D89 /* PBXContainerItemProxy */;
		};
/* End PBXTargetDependency section */

/* Begin XCBuildConfiguration section */
		0483795B2EC21AF3009A8D89 /* Debug */ = {
			isa = XCBuildConfiguration;
			buildSettings = {
				ALWAYS_SEARCH_USER_PATHS = NO;
				ASSETCATALOG_COMPILER_GENERATE_SWIFT_ASSET_SYMBOL_EXTENSIONS = YES;
				CLANG_ANALYZER_NONNULL = YES;
				CLANG_ANALYZER_NUMBER_OBJECT_CONVERSION = YES_AGGRESSIVE;
				CLANG_CXX_LANGUAGE_STANDARD = "gnu++20";
				CLANG_ENABLE_MODULES = YES;
				CLANG_ENABLE_OBJC_ARC = YES;
				CLANG_ENABLE_OBJC_WEAK = YES;
				CLANG_WARN_BLOCK_CAPTURE_AUTORELEASING = YES;
				CLANG_WARN_BOOL_CONVERSION = YES;
				CLANG_WARN_COMMA = YES;
				CLANG_WARN_CONSTANT_CONVERSION = YES;
				CLANG_WARN_DEPRECATED_OBJC_IMPLEMENTATIONS = YES;
				CLANG_WARN_DIRECT_OBJC_ISA_USAGE = YES_ERROR;
				CLANG_WARN_DOCUMENTATION_COMMENTS = YES;
				CLANG_WARN_EMPTY_BODY = YES;
				CLANG_WARN_ENUM_CONVERSION = YES;
				CLANG_WARN_INFINITE_RECURSION = YES;
				CLANG_WARN_INT_CONVERSION = YES;
				CLANG_WARN_NON_LITERAL_NULL_CONVERSION = YES;
				CLANG_WARN_OBJC_IMPLICIT_RETAIN_SELF = YES;
				CLANG_WARN_OBJC_LITERAL_CONVERSION = YES;
				CLANG_WARN_OBJC_ROOT_CLASS = YES_ERROR;
				CLANG_WARN_QUOTED_INCLUDE_IN_FRAMEWORK_HEADER = YES;
				CLANG_WARN_RANGE_LOOP_ANALYSIS = YES;
				CLANG_WARN_STRICT_PROTOTYPES = YES;
				CLANG_WARN_SUSPICIOUS_MOVE = YES;
				CLANG_WARN_UNGUARDED_AVAILABILITY = YES_AGGRESSIVE;
				CLANG_WARN_UNREACHABLE_CODE = YES;
				CLANG_WARN__DUPLICATE_METHOD_MATCH = YES;
				COPY_PHASE_STRIP = NO;
				DEBUG_INFORMATION_FORMAT = dwarf;
				ENABLE_STRICT_OBJC_MSGSEND = YES;
				ENABLE_TESTABILITY = YES;
				ENABLE_USER_SCRIPT_SANDBOXING = YES;
				GCC_C_LANGUAGE_STANDARD = gnu17;
				GCC_DYNAMIC_NO_PIC = NO;
				GCC_NO_COMMON_BLOCKS = YES;
				GCC_OPTIMIZATION_LEVEL = 0;
				GCC_PREPROCESSOR_DEFINITIONS = (
					"DEBUG=1",
					"$(inherited)",
				);
				GCC_WARN_64_TO_32_BIT_CONVERSION = YES;
				GCC_WARN_ABOUT_RETURN_TYPE = YES_ERROR;
				GCC_WARN_UNDECLARED_SELECTOR = YES;
				GCC_WARN_UNINITIALIZED_AUTOS = YES_AGGRESSIVE;
				GCC_WARN_UNUSED_FUNCTION = YES;
				GCC_WARN_UNUSED_VARIABLE = YES;
				IPHONEOS_DEPLOYMENT_TARGET = 26.1;
				LOCALIZATION_PREFERS_STRING_CATALOGS = YES;
				MTL_ENABLE_DEBUG_INFO = INCLUDE_SOURCE;
				MTL_FAST_MATH = YES;
				ONLY_ACTIVE_ARCH = YES;
				SDKROOT = iphoneos;
				SWIFT_ACTIVE_COMPILATION_CONDITIONS = "DEBUG $(inherited)";
				SWIFT_OPTIMIZATION_LEVEL = "-Onone";
			};
			name = Debug;
		};
		0483795C2EC21AF3009A8D89 /* Release */ = {
			isa = XCBuildConfiguration;
			buildSettings = {
				ALWAYS_SEARCH_USER_PATHS = NO;
				ASSETCATALOG_COMPILER_GENERATE_SWIFT_ASSET_SYMBOL_EXTENSIONS = YES;
				CLANG_ANALYZER_NONNULL = YES;
				CLANG_ANALYZER_NUMBER_OBJECT_CONVERSION = YES_AGGRESSIVE;
				CLANG_CXX_LANGUAGE_STANDARD = "gnu++20";
				CLANG_ENABLE_MODULES = YES;
				CLANG_ENABLE_OBJC_ARC = YES;
				CLANG_ENABLE_OBJC_WEAK = YES;
				CLANG_WARN_BLOCK_CAPTURE_AUTORELEASING = YES;
				CLANG_WARN_BOOL_CONVERSION = YES;
				CLANG_WARN_COMMA = YES;
				CLANG_WARN_CONSTANT_CONVERSION = YES;
				CLANG_WARN_DEPRECATED_OBJC_IMPLEMENTATIONS = YES;
				CLANG_WARN_DIRECT_OBJC_ISA_USAGE = YES_ERROR;
				CLANG_WARN_DOCUMENTATION_COMMENTS = YES;
				CLANG_WARN_EMPTY_BODY = YES;
				CLANG_WARN_ENUM_CONVERSION = YES;
				CLANG_WARN_INFINITE_RECURSION = YES;
				CLANG_WARN_INT_CONVERSION = YES;
				CLANG_WARN_NON_LITERAL_NULL_CONVERSION = YES;
				CLANG_WARN_OBJC_IMPLICIT_RETAIN_SELF = YES;
				CLANG_WARN_OBJC_LITERAL_CONVERSION = YES;
				CLANG_WARN_OBJC_ROOT_CLASS = YES_ERROR;
				CLANG_WARN_QUOTED_INCLUDE_IN_FRAMEWORK_HEADER = YES;
				CLANG_WARN_RANGE_LOOP_ANALYSIS = YES;
				CLANG_WARN_STRICT_PROTOTYPES = YES;
				CLANG_WARN_SUSPICIOUS_MOVE = YES;
				CLANG_WARN_UNGUARDED_AVAILABILITY = YES_AGGRESSIVE;
				CLANG_WARN_UNREACHABLE_CODE = YES;
				CLANG_WARN__DUPLICATE_METHOD_MATCH = YES;
				COPY_PHASE_STRIP = NO;
				DEBUG_INFORMATION_FORMAT = "dwarf-with-dsym";
				ENABLE_NS_ASSERTIONS = NO;
				ENABLE_STRICT_OBJC_MSGSEND = YES;
				ENABLE_USER_SCRIPT_SANDBOXING = YES;
				GCC_C_LANGUAGE_STANDARD = gnu17;
				GCC_NO_COMMON_BLOCKS = YES;
				GCC_WARN_64_TO_32_BIT_CONVERSION = YES;
				GCC_WARN_ABOUT_RETURN_TYPE = YES_ERROR;
				GCC_WARN_UNDECLARED_SELECTOR = YES;
				GCC_WARN_UNINITIALIZED_AUTOS = YES_AGGRESSIVE;
				GCC_WARN_UNUSED_FUNCTION = YES;
				GCC_WARN_UNUSED_VARIABLE = YES;
				IPHONEOS_DEPLOYMENT_TARGET = 26.1;
				LOCALIZATION_PREFERS_STRING_CATALOGS = YES;
				MTL_ENABLE_DEBUG_INFO = NO;
				MTL_FAST_MATH = YES;
				SDKROOT = iphoneos;
				SWIFT_COMPILATION_MODE = wholemodule;
				VALIDATE_PRODUCT = YES;
			};
			name = Release;
		};
		0483795E2EC21AF3009A8D89 /* Debug */ = {
			isa = XCBuildConfiguration;
			buildSettings = {
				ASSETCATALOG_COMPILER_APPICON_NAME = AppIcon;
				ASSETCATALOG_COMPILER_GLOBAL_ACCENT_COLOR_NAME = AccentColor;
				CODE_SIGN_STYLE = Automatic;
				CURRENT_PROJECT_VERSION = 1;
				ENABLE_PREVIEWS = YES;
				GENERATE_INFOPLIST_FILE = YES;
				INFOPLIST_FILE = StoryMates/Info.plist;
				INFOPLIST_KEY_UIApplicationSceneManifest_Generation = YES;
				INFOPLIST_KEY_UIApplicationSupportsIndirectInputEvents = YES;
				INFOPLIST_KEY_UILaunchScreen_Generation = YES;
				INFOPLIST_KEY_UISupportedInterfaceOrientations_iPad = "UIInterfaceOrientationPortrait UIInterfaceOrientationPortraitUpsideDown UIInterfaceOrientationLandscapeLeft UIInterfaceOrientationLandscapeRight";
				INFOPLIST_KEY_UISupportedInterfaceOrientations_iPhone = "UIInterfaceOrientationPortrait UIInterfaceOrientationLandscapeLeft UIInterfaceOrientationLandscapeRight";
				LD_RUNPATH_SEARCH_PATHS = (
					"$(inherited)",
					"@executable_path/Frameworks",
				);
				MARKETING_VERSION = 1.0;
				PRODUCT_BUNDLE_IDENTIFIER = esprit.StoryMates;
				PRODUCT_NAME = "$(TARGET_NAME)";
				STRING_CATALOG_GENERATE_SYMBOLS = YES;
				SWIFT_APPROACHABLE_CONCURRENCY = YES;
				SWIFT_DEFAULT_ACTOR_ISOLATION = MainActor;
				SWIFT_EMIT_LOC_STRINGS = YES;
				SWIFT_UPCOMING_FEATURE_MEMBER_IMPORT_VISIBILITY = YES;
				SWIFT_VERSION = 5.0;
				TARGETED_DEVICE_FAMILY = "1,2";
			};
			name = Debug;
		};
		0483795F2EC21AF3009A8D89 /* Release */ = {
			isa = XCBuildConfiguration;
			buildSettings = {
				ASSETCATALOG_COMPILER_APPICON_NAME = AppIcon;
				ASSETCATALOG_COMPILER_GLOBAL_ACCENT_COLOR_NAME = AccentColor;
				CODE_SIGN_STYLE = Automatic;
				CURRENT_PROJECT_VERSION = 1;
				ENABLE_PREVIEWS = YES;
				GENERATE_INFOPLIST_FILE = YES;
				INFOPLIST_FILE = StoryMates/Info.plist;
				INFOPLIST_KEY_UIApplicationSceneManifest_Generation = YES;
				INFOPLIST_KEY_UIApplicationSupportsIndirectInputEvents = YES;
				INFOPLIST_KEY_UILaunchScreen_Generation = YES;
				INFOPLIST_KEY_UISupportedInterfaceOrientations_iPad = "UIInterfaceOrientationPortrait UIInterfaceOrientationPortraitUpsideDown UIInterfaceOrientationLandscapeLeft UIInterfaceOrientationLandscapeRight";
				INFOPLIST_KEY_UISupportedInterfaceOrientations_iPhone = "UIInterfaceOrientationPortrait UIInterfaceOrientationLandscapeLeft UIInterfaceOrientationLandscapeRight";
				LD_RUNPATH_SEARCH_PATHS = (
					"$(inherited)",
					"@executable_path/Frameworks",
				);
				MARKETING_VERSION = 1.0;
				PRODUCT_BUNDLE_IDENTIFIER = esprit.StoryMates;
				PRODUCT_NAME = "$(TARGET_NAME)";
				STRING_CATALOG_GENERATE_SYMBOLS = YES;
				SWIFT_APPROACHABLE_CONCURRENCY = YES;
				SWIFT_DEFAULT_ACTOR_ISOLATION = MainActor;
				SWIFT_EMIT_LOC_STRINGS = YES;
				SWIFT_UPCOMING_FEATURE_MEMBER_IMPORT_VISIBILITY = YES;
				SWIFT_VERSION = 5.0;
				TARGETED_DEVICE_FAMILY = "1,2";
			};
			name = Release;
		};
		048379612EC21AF3009A8D89 /* Debug */ = {
			isa = XCBuildConfiguration;
			buildSettings = {
				BUNDLE_LOADER = "$(TEST_HOST)";
				CODE_SIGN_STYLE = Automatic;
				CURRENT_PROJECT_VERSION = 1;
				GENERATE_INFOPLIST_FILE = YES;
				IPHONEOS_DEPLOYMENT_TARGET = 26.1;
				MARKETING_VERSION = 1.0;
				PRODUCT_BUNDLE_IDENTIFIER = esprit.StoryMatesTests;
				PRODUCT_NAME = "$(TARGET_NAME)";
				STRING_CATALOG_GENERATE_SYMBOLS = NO;
				SWIFT_APPROACHABLE_CONCURRENCY = YES;
				SWIFT_EMIT_LOC_STRINGS = NO;
				SWIFT_UPCOMING_FEATURE_MEMBER_IMPORT_VISIBILITY = YES;
				SWIFT_VERSION = 5.0;
				TARGETED_DEVICE_FAMILY = "1,2";
				TEST_HOST = "$(BUILT_PRODUCTS_DIR)/StoryMates.app/$(BUNDLE_EXECUTABLE_FOLDER_PATH)/StoryMates";
			};
			name = Debug;
		};
		048379622EC21AF3009A8D89 /* Release */ = {
			isa = XCBuildConfiguration;
			buildSettings = {
				BUNDLE_LOADER = "$(TEST_HOST)";
				CODE_SIGN_STYLE = Automatic;
				CURRENT_PROJECT_VERSION = 1;
				GENERATE_INFOPLIST_FILE = YES;
				IPHONEOS_DEPLOYMENT_TARGET = 26.1;
				MARKETING_VERSION = 1.0;
				PRODUCT_BUNDLE_IDENTIFIER = esprit.StoryMatesTests;
				PRODUCT_NAME = "$(TARGET_NAME)";
				STRING_CATALOG_GENERATE_SYMBOLS = NO;
				SWIFT_APPROACHABLE_CONCURRENCY = YES;
				SWIFT_EMIT_LOC_STRINGS = NO;
				SWIFT_UPCOMING_FEATURE_MEMBER_IMPORT_VISIBILITY = YES;
				SWIFT_VERSION = 5.0;
				TARGETED_DEVICE_FAMILY = "1,2";
				TEST_HOST = "$(BUILT_PRODUCTS_DIR)/StoryMates.app/$(BUNDLE_EXECUTABLE_FOLDER_PATH)/StoryMates";
			};
			name = Release;
		};
		048379642EC21AF3009A8D89 /* Debug */ = {
			isa = XCBuildConfiguration;
			buildSettings = {
				CODE_SIGN_STYLE = Automatic;
				CURRENT_PROJECT_VERSION = 1;
				GENERATE_INFOPLIST_FILE = YES;
				MARKETING_VERSION = 1.0;
				PRODUCT_BUNDLE_IDENTIFIER = esprit.StoryMatesUITests;
				PRODUCT_NAME = "$(TARGET_NAME)";
				STRING_CATALOG_GENERATE_SYMBOLS = NO;
				SWIFT_APPROACHABLE_CONCURRENCY = YES;
				SWIFT_EMIT_LOC_STRINGS = NO;
				SWIFT_UPCOMING_FEATURE_MEMBER_IMPORT_VISIBILITY = YES;
				SWIFT_VERSION = 5.0;
				TARGETED_DEVICE_FAMILY = "1,2";
				TEST_TARGET_NAME = StoryMates;
			};
			name = Debug;
		};
		048379652EC21AF3009A8D89 /* Release */ = {
			isa = XCBuildConfiguration;
			buildSettings = {
				CODE_SIGN_STYLE = Automatic;
				CURRENT_PROJECT_VERSION = 1;
				GENERATE_INFOPLIST_FILE = YES;
				MARKETING_VERSION = 1.0;
				PRODUCT_BUNDLE_IDENTIFIER = esprit.StoryMatesUITests;
				PRODUCT_NAME = "$(TARGET_NAME)";
				STRING_CATALOG_GENERATE_SYMBOLS = NO;
				SWIFT_APPROACHABLE_CONCURRENCY = YES;
				SWIFT_EMIT_LOC_STRINGS = NO;
				SWIFT_UPCOMING_FEATURE_MEMBER_IMPORT_VISIBILITY = YES;
				SWIFT_VERSION = 5.0;
				TARGETED_DEVICE_FAMILY = "1,2";
				TEST_TARGET_NAME = StoryMates;
			};
			name = Release;
		};
/* End XCBuildConfiguration section */

/* Begin XCConfigurationList section */
		048379322EC21AF2009A8D89 /* Build configuration list for PBXProject "StoryMates" */ = {
			isa = XCConfigurationList;
			buildConfigurations = (
				0483795B2EC21AF3009A8D89 /* Debug */,
				0483795C2EC21AF3009A8D89 /* Release */,
			);
			defaultConfigurationIsVisible = 0;
			defaultConfigurationName = Release;
		};
		0483795D2EC21AF3009A8D89 /* Build configuration list for PBXNativeTarget "StoryMates" */ = {
			isa = XCConfigurationList;
			buildConfigurations = (
				0483795E2EC21AF3009A8D89 /* Debug */,
				0483795F2EC21AF3009A8D89 /* Release */,
			);
			defaultConfigurationIsVisible = 0;
			defaultConfigurationName = Release;
		};
		048379602EC21AF3009A8D89 /* Build configuration list for PBXNativeTarget "StoryMatesTests" */ = {
			isa = XCConfigurationList;
			buildConfigurations = (
				048379612EC21AF3009A8D89 /* Debug */,
				048379622EC21AF3009A8D89 /* Release */,
			);
			defaultConfigurationIsVisible = 0;
			defaultConfigurationName = Release;
		};
		048379632EC21AF3009A8D89 /* Build configuration list for PBXNativeTarget "StoryMatesUITests" */ = {
			isa = XCConfigurationList;
			buildConfigurations = (
				048379642EC21AF3009A8D89 /* Debug */,
				048379652EC21AF3009A8D89 /* Release */,
			);
			defaultConfigurationIsVisible = 0;
			defaultConfigurationName = Release;
		};
/* End XCConfigurationList section */
	};
	rootObject = 0483792F2EC21AF2009A8D89 /* Project object */;
}
